// !$*UTF8*$!
{
	archiveVersion = 1;
	classes = {
	};
	objectVersion = 56;
	objects = {

/* Begin PBXBuildFile section */
		E147C1C22C471A5500D56A7F /* TapClicker Watch App.app in Embed Watch Content */ = {isa = PBXBuildFile; fileRef = E147C1C12C471A5500D56A7F /* TapClicker Watch App.app */; settings = {ATTRIBUTES = (RemoveHeadersOnCopy, ); }; };
		E147C1C72C471A5500D56A7F /* TapClickerApp.swift in Sources */ = {isa = PBXBuildFile; fileRef = E147C1C62C471A5500D56A7F /* TapClickerApp.swift */; };
		E147C1C92C471A5500D56A7F /* ContentView.swift in Sources */ = {isa = PBXBuildFile; fileRef = E147C1C82C471A5500D56A7F /* ContentView.swift */; };
		E147C1CB2C471A5600D56A7F /* Assets.xcassets in Resources */ = {isa = PBXBuildFile; fileRef = E147C1CA2C471A5600D56A7F /* Assets.xcassets */; };
		E147C1CE2C471A5600D56A7F /* Preview Assets.xcassets in Resources */ = {isa = PBXBuildFile; fileRef = E147C1CD2C471A5600D56A7F /* Preview Assets.xcassets */; };
/* End PBXBuildFile section */

/* Begin PBXContainerItemProxy section */
		E147C1C32C471A5500D56A7F /* PBXContainerItemProxy */ = {
			isa = PBXContainerItemProxy;
			containerPortal = E147C1B52C471A5500D56A7F /* Project object */;
			proxyType = 1;
			remoteGlobalIDString = E147C1C02C471A5500D56A7F;
			remoteInfo = "TapClicker Watch App";
		};
/* End PBXContainerItemProxy section */

/* Begin PBXCopyFilesBuildPhase section */
		E147C1D42C471A5600D56A7F /* Embed Watch Content */ = {
			isa = PBXCopyFilesBuildPhase;
			buildActionMask = 2147483647;
			dstPath = "$(CONTENTS_FOLDER_PATH)/Watch";
			dstSubfolderSpec = 16;
			files = (
				E147C1C22C471A5500D56A7F /* TapClicker Watch App.app in Embed Watch Content */,
			);
			name = "Embed Watch Content";
			runOnlyForDeploymentPostprocessing = 0;
		};
/* End PBXCopyFilesBuildPhase section */

/* Begin PBXFileReference section */
		E147C1BB2C471A5500D56A7F /* TapClicker.app */ = {isa = PBXFileReference; explicitFileType = wrapper.application; includeInIndex = 0; path = TapClicker.app; sourceTree = BUILT_PRODUCTS_DIR; };
		E147C1C12C471A5500D56A7F /* TapClicker Watch App.app */ = {isa = PBXFileReference; explicitFileType = wrapper.application; includeInIndex = 0; path = "TapClicker Watch App.app"; sourceTree = BUILT_PRODUCTS_DIR; };
		E147C1C62C471A5500D56A7F /* TapClickerApp.swift */ = {isa = PBXFileReference; lastKnownFileType = sourcecode.swift; path = TapClickerApp.swift; sourceTree = "<group>"; };
		E147C1C82C471A5500D56A7F /* ContentView.swift */ = {isa = PBXFileReference; lastKnownFileType = sourcecode.swift; path = ContentView.swift; sourceTree = "<group>"; };
		E147C1CA2C471A5600D56A7F /* Assets.xcassets */ = {isa = PBXFileReference; lastKnownFileType = folder.assetcatalog; path = Assets.xcassets; sourceTree = "<group>"; };
		E147C1CD2C471A5600D56A7F /* Preview Assets.xcassets */ = {isa = PBXFileReference; lastKnownFileType = folder.assetcatalog; path = "Preview Assets.xcassets"; sourceTree = "<group>"; };
/* End PBXFileReference section */

/* Begin PBXFrameworksBuildPhase section */
		E147C1BE2C471A5500D56A7F /* Frameworks */ = {
			isa = PBXFrameworksBuildPhase;
			buildActionMask = 2147483647;
			files = (
			);
			runOnlyForDeploymentPostprocessing = 0;
		};
/* End PBXFrameworksBuildPhase section */

/* Begin PBXGroup section */
		E147C1B42C471A5500D56A7F = {
			isa = PBXGroup;
			children = (
				E147C1C52C471A5500D56A7F /* TapClicker Watch App */,
				E147C1BC2C471A5500D56A7F /* Products */,
			);
			sourceTree = "<group>";
		};
		E147C1BC2C471A5500D56A7F /* Products */ = {
			isa = PBXGroup;
			children = (
				E147C1BB2C471A5500D56A7F /* TapClicker.app */,
				E147C1C12C471A5500D56A7F /* TapClicker Watch App.app */,
			);
			name = Products;
			sourceTree = "<group>";
		};
		E147C1C52C471A5500D56A7F /* TapClicker Watch App */ = {
			isa = PBXGroup;
			children = (
				E147C1C62C471A5500D56A7F /* TapClickerApp.swift */,
				E147C1C82C471A5500D56A7F /* ContentView.swift */,
				E147C1CA2C471A5600D56A7F /* Assets.xcassets */,
				E147C1CC2C471A5600D56A7F /* Preview Content */,
			);
			path = "TapClicker Watch App";
			sourceTree = "<group>";
		};
		E147C1CC2C471A5600D56A7F /* Preview Content */ = {
			isa = PBXGroup;
			children = (
				E147C1CD2C471A5600D56A7F /* Preview Assets.xcassets */,
			);
			path = "Preview Content";
			sourceTree = "<group>";
		};
/* End PBXGroup section */

/* Begin PBXNativeTarget section */
		E147C1BA2C471A5500D56A7F /* TapClicker */ = {
			isa = PBXNativeTarget;
			buildConfigurationList = E147C1D52C471A5600D56A7F /* Build configuration list for PBXNativeTarget "TapClicker" */;
			buildPhases = (
				E147C1B92C471A5500D56A7F /* Resources */,
				E147C1D42C471A5600D56A7F /* Embed Watch Content */,
			);
			buildRules = (
			);
			dependencies = (
				E147C1C42C471A5500D56A7F /* PBXTargetDependency */,
			);
			name = TapClicker;
			productName = TapClicker;
			productReference = E147C1BB2C471A5500D56A7F /* TapClicker.app */;
			productType = "com.apple.product-type.application.watchapp2-container";
		};
		E147C1C02C471A5500D56A7F /* TapClicker Watch App */ = {
			isa = PBXNativeTarget;
			buildConfigurationList = E147C1D12C471A5600D56A7F /* Build configuration list for PBXNativeTarget "TapClicker Watch App" */;
			buildPhases = (
				E147C1BD2C471A5500D56A7F /* Sources */,
				E147C1BE2C471A5500D56A7F /* Frameworks */,
				E147C1BF2C471A5500D56A7F /* Resources */,
			);
			buildRules = (
			);
			dependencies = (
			);
			name = "TapClicker Watch App";
			productName = "TapClicker Watch App";
			productReference = E147C1C12C471A5500D56A7F /* TapClicker Watch App.app */;
			productType = "com.apple.product-type.application";
		};
/* End PBXNativeTarget section */

/* Begin PBXProject section */
		E147C1B52C471A5500D56A7F /* Project object */ = {
			isa = PBXProject;
			attributes = {
				BuildIndependentTargetsInParallel = 1;
				LastSwiftUpdateCheck = 1510;
				LastUpgradeCheck = 1510;
				TargetAttributes = {
					E147C1BA2C471A5500D56A7F = {
						CreatedOnToolsVersion = 15.1;
					};
					E147C1C02C471A5500D56A7F = {
						CreatedOnToolsVersion = 15.1;
					};
				};
			};
			buildConfigurationList = E147C1B82C471A5500D56A7F /* Build configuration list for PBXProject "TapClicker" */;
			compatibilityVersion = "Xcode 14.0";
			developmentRegion = en;
			hasScannedForEncodings = 0;
			knownRegions = (
				en,
				Base,
			);
			mainGroup = E147C1B42C471A5500D56A7F;
			productRefGroup = E147C1BC2C471A5500D56A7F /* Products */;
			projectDirPath = "";
			projectRoot = "";
			targets = (
				E147C1BA2C471A5500D56A7F /* TapClicker */,
				E147C1C02C471A5500D56A7F /* TapClicker Watch App */,
			);
		};
/* End PBXProject section */

/* Begin PBXResourcesBuildPhase section */
		E147C1B92C471A5500D56A7F /* Resources */ = {
			isa = PBXResourcesBuildPhase;
			buildActionMask = 2147483647;
			files = (
			);
			runOnlyForDeploymentPostprocessing = 0;
		};
		E147C1BF2C471A5500D56A7F /* Resources */ = {
			isa = PBXResourcesBuildPhase;
			buildActionMask = 2147483647;
			files = (
				E147C1CE2C471A5600D56A7F /* Preview Assets.xcassets in Resources */,
				E147C1CB2C471A5600D56A7F /* Assets.xcassets in Resources */,
			);
			runOnlyForDeploymentPostprocessing = 0;
		};
/* End PBXResourcesBuildPhase section */

/* Begin PBXSourcesBuildPhase section */
		E147C1BD2C471A5500D56A7F /* Sources */ = {
			isa = PBXSourcesBuildPhase;
			buildActionMask = 2147483647;
			files = (
				E147C1C92C471A5500D56A7F /* ContentView.swift in Sources */,
				E147C1C72C471A5500D56A7F /* TapClickerApp.swift in Sources */,
			);
			runOnlyForDeploymentPostprocessing = 0;
		};
/* End PBXSourcesBuildPhase section */

/* Begin PBXTargetDependency section */
		E147C1C42C471A5500D56A7F /* PBXTargetDependency */ = {
			isa = PBXTargetDependency;
			target = E147C1C02C471A5500D56A7F /* TapClicker Watch App */;
			targetProxy = E147C1C32C471A5500D56A7F /* PBXContainerItemProxy */;
		};
/* End PBXTargetDependency section */

/* Begin XCBuildConfiguration section */
		E147C1CF2C471A5600D56A7F /* Debug */ = {
			isa = XCBuildConfiguration;
			buildSettings = {
				ALWAYS_SEARCH_USER_PATHS = NO;
				ASSETCATALOG_COMPILER_GENERATE_SWIFT_ASSET_SYMBOL_EXTENSIONS = YES;
				CLANG_ANALYZER_NONNULL = YES;
				CLANG_ANALYZER_NUMBER_OBJECT_CONVERSION = YES_AGGRESSIVE;
				CLANG_CXX_LANGUAGE_STANDARD = "gnu++20";
				CLANG_ENABLE_MODULES = YES;
				CLANG_ENABLE_OBJC_ARC = YES;
				CLANG_ENABLE_OBJC_WEAK = YES;
				CLANG_WARN_BLOCK_CAPTURE_AUTORELEASING = YES;
				CLANG_WARN_BOOL_CONVERSION = YES;
				CLANG_WARN_COMMA = YES;
				CLANG_WARN_CONSTANT_CONVERSION = YES;
				CLANG_WARN_DEPRECATED_OBJC_IMPLEMENTATIONS = YES;
				CLANG_WARN_DIRECT_OBJC_ISA_USAGE = YES_ERROR;
				CLANG_WARN_DOCUMENTATION_COMMENTS = YES;
				CLANG_WARN_EMPTY_BODY = YES;
				CLANG_WARN_ENUM_CONVERSION = YES;
				CLANG_WARN_INFINITE_RECURSION = YES;
				CLANG_WARN_INT_CONVERSION = YES;
				CLANG_WARN_NON_LITERAL_NULL_CONVERSION = YES;
				CLANG_WARN_OBJC_IMPLICIT_RETAIN_SELF = YES;
				CLANG_WARN_OBJC_LITERAL_CONVERSION = YES;
				CLANG_WARN_OBJC_ROOT_CLASS = YES_ERROR;
				CLANG_WARN_QUOTED_INCLUDE_IN_FRAMEWORK_HEADER = YES;
				CLANG_WARN_RANGE_LOOP_ANALYSIS = YES;
				CLANG_WARN_STRICT_PROTOTYPES = YES;
				CLANG_WARN_SUSPICIOUS_MOVE = YES;
				CLANG_WARN_UNGUARDED_AVAILABILITY = YES_AGGRESSIVE;
				CLANG_WARN_UNREACHABLE_CODE = YES;
				CLANG_WARN__DUPLICATE_METHOD_MATCH = YES;
				COPY_PHASE_STRIP = NO;
				DEBUG_INFORMATION_FORMAT = dwarf;
				ENABLE_STRICT_OBJC_MSGSEND = YES;
				ENABLE_TESTABILITY = YES;
				ENABLE_USER_SCRIPT_SANDBOXING = YES;
				GCC_C_LANGUAGE_STANDARD = gnu17;
				GCC_DYNAMIC_NO_PIC = NO;
				GCC_NO_COMMON_BLOCKS = YES;
				GCC_OPTIMIZATION_LEVEL = 0;
				GCC_PREPROCESSOR_DEFINITIONS = (
					"DEBUG=1",
					"$(inherited)",
				);
				GCC_WARN_64_TO_32_BIT_CONVERSION = YES;
				GCC_WARN_ABOUT_RETURN_TYPE = YES_ERROR;
				GCC_WARN_UNDECLARED_SELECTOR = YES;
				GCC_WARN_UNINITIALIZED_AUTOS = YES_AGGRESSIVE;
				GCC_WARN_UNUSED_FUNCTION = YES;
				GCC_WARN_UNUSED_VARIABLE = YES;
				LOCALIZATION_PREFERS_STRING_CATALOGS = YES;
				MTL_ENABLE_DEBUG_INFO = INCLUDE_SOURCE;
				MTL_FAST_MATH = YES;
				ONLY_ACTIVE_ARCH = YES;
				SWIFT_ACTIVE_COMPILATION_CONDITIONS = "DEBUG $(inherited)";
				SWIFT_OPTIMIZATION_LEVEL = "-Onone";
			};
			name = Debug;
		};
		E147C1D02C471A5600D56A7F /* Release */ = {
			isa = XCBuildConfiguration;
			buildSettings = {
				ALWAYS_SEARCH_USER_PATHS = NO;
				ASSETCATALOG_COMPILER_GENERATE_SWIFT_ASSET_SYMBOL_EXTENSIONS = YES;
				CLANG_ANALYZER_NONNULL = YES;
				CLANG_ANALYZER_NUMBER_OBJECT_CONVERSION = YES_AGGRESSIVE;
				CLANG_CXX_LANGUAGE_STANDARD = "gnu++20";
				CLANG_ENABLE_MODULES = YES;
				CLANG_ENABLE_OBJC_ARC = YES;
				CLANG_ENABLE_OBJC_WEAK = YES;
				CLANG_WARN_BLOCK_CAPTURE_AUTORELEASING = YES;
				CLANG_WARN_BOOL_CONVERSION = YES;
				CLANG_WARN_COMMA = YES;
				CLANG_WARN_CONSTANT_CONVERSION = YES;
				CLANG_WARN_DEPRECATED_OBJC_IMPLEMENTATIONS = YES;
				CLANG_WARN_DIRECT_OBJC_ISA_USAGE = YES_ERROR;
				CLANG_WARN_DOCUMENTATION_COMMENTS = YES;
				CLANG_WARN_EMPTY_BODY = YES;
				CLANG_WARN_ENUM_CONVERSION = YES;
				CLANG_WARN_INFINITE_RECURSION = YES;
				CLANG_WARN_INT_CONVERSION = YES;
				CLANG_WARN_NON_LITERAL_NULL_CONVERSION = YES;
				CLANG_WARN_OBJC_IMPLICIT_RETAIN_SELF = YES;
				CLANG_WARN_OBJC_LITERAL_CONVERSION = YES;
				CLANG_WARN_OBJC_ROOT_CLASS = YES_ERROR;
				CLANG_WARN_QUOTED_INCLUDE_IN_FRAMEWORK_HEADER = YES;
				CLANG_WARN_RANGE_LOOP_ANALYSIS = YES;
				CLANG_WARN_STRICT_PROTOTYPES = YES;
				CLANG_WARN_SUSPICIOUS_MOVE = YES;
				CLANG_WARN_UNGUARDED_AVAILABILITY = YES_AGGRESSIVE;
				CLANG_WARN_UNREACHABLE_CODE = YES;
				CLANG_WARN__DUPLICATE_METHOD_MATCH = YES;
				COPY_PHASE_STRIP = NO;
				DEBUG_INFORMATION_FORMAT = "dwarf-with-dsym";
				ENABLE_NS_ASSERTIONS = NO;
				ENABLE_STRICT_OBJC_MSGSEND = YES;
				ENABLE_USER_SCRIPT_SANDBOXING = YES;
				GCC_C_LANGUAGE_STANDARD = gnu17;
				GCC_NO_COMMON_BLOCKS = YES;
				GCC_WARN_64_TO_32_BIT_CONVERSION = YES;
				GCC_WARN_ABOUT_RETURN_TYPE = YES_ERROR;
				GCC_WARN_UNDECLARED_SELECTOR = YES;
				GCC_WARN_UNINITIALIZED_AUTOS = YES_AGGRESSIVE;
				GCC_WARN_UNUSED_FUNCTION = YES;
				GCC_WARN_UNUSED_VARIABLE = YES;
				LOCALIZATION_PREFERS_STRING_CATALOGS = YES;
				MTL_ENABLE_DEBUG_INFO = NO;
				MTL_FAST_MATH = YES;
				SWIFT_COMPILATION_MODE = wholemodule;
			};
			name = Release;
		};
		E147C1D22C471A5600D56A7F /* Debug */ = {
			isa = XCBuildConfiguration;
			buildSettings = {
				ASSETCATALOG_COMPILER_APPICON_NAME = AppIcon;
				ASSETCATALOG_COMPILER_GLOBAL_ACCENT_COLOR_NAME = AccentColor;
				CODE_SIGN_STYLE = Automatic;
				CURRENT_PROJECT_VERSION = 1;
				DEVELOPMENT_ASSET_PATHS = "\"TapClicker Watch App/Preview Content\"";
				DEVELOPMENT_TEAM = 44294HL98F;
				ENABLE_PREVIEWS = YES;
				GENERATE_INFOPLIST_FILE = YES;
				INFOPLIST_KEY_CFBundleDisplayName = TapClicker;
				INFOPLIST_KEY_UISupportedInterfaceOrientations = "UIInterfaceOrientationPortrait UIInterfaceOrientationPortraitUpsideDown";
				INFOPLIST_KEY_WKWatchOnly = YES;
				LD_RUNPATH_SEARCH_PATHS = (
					"$(inherited)",
					"@executable_path/Frameworks",
				);
				MARKETING_VERSION = 1.0;
				PRODUCT_BUNDLE_IDENTIFIER = dgs.TapClicker.watchkitapp;
				PRODUCT_NAME = "$(TARGET_NAME)";
				SDKROOT = watchos;
				SKIP_INSTALL = YES;
				SWIFT_EMIT_LOC_STRINGS = YES;
				SWIFT_VERSION = 5.0;
				TARGETED_DEVICE_FAMILY = 4;
				WATCHOS_DEPLOYMENT_TARGET = 8.0;
			};
			name = Debug;
		};
		E147C1D32C471A5600D56A7F /* Release */ = {
			isa = XCBuildConfiguration;
			buildSettings = {
				ASSETCATALOG_COMPILER_APPICON_NAME = AppIcon;
				ASSETCATALOG_COMPILER_GLOBAL_ACCENT_COLOR_NAME = AccentColor;
				CODE_SIGN_STYLE = Automatic;
				CURRENT_PROJECT_VERSION = 1;
				DEVELOPMENT_ASSET_PATHS = "\"TapClicker Watch App/Preview Content\"";
				DEVELOPMENT_TEAM = 44294HL98F;
				ENABLE_PREVIEWS = YES;
				GENERATE_INFOPLIST_FILE = YES;
				INFOPLIST_KEY_CFBundleDisplayName = TapClicker;
				INFOPLIST_KEY_UISupportedInterfaceOrientations = "UIInterfaceOrientationPortrait UIInterfaceOrientationPortraitUpsideDown";
				INFOPLIST_KEY_WKWatchOnly = YES;
				LD_RUNPATH_SEARCH_PATHS = (
					"$(inherited)",
					"@executable_path/Frameworks",
				);
				MARKETING_VERSION = 1.0;
				PRODUCT_BUNDLE_IDENTIFIER = dgs.TapClicker.watchkitapp;
				PRODUCT_NAME = "$(TARGET_NAME)";
				SDKROOT = watchos;
				SKIP_INSTALL = YES;
				SWIFT_EMIT_LOC_STRINGS = YES;
				SWIFT_VERSION = 5.0;
				TARGETED_DEVICE_FAMILY = 4;
				VALIDATE_PRODUCT = YES;
				WATCHOS_DEPLOYMENT_TARGET = 8.0;
			};
			name = Release;
		};
		E147C1D62C471A5600D56A7F /* Debug */ = {
			isa = XCBuildConfiguration;
			buildSettings = {
				ALWAYS_EMBED_SWIFT_STANDARD_LIBRARIES = YES;
				CODE_SIGN_STYLE = Automatic;
				CURRENT_PROJECT_VERSION = 1;
				DEVELOPMENT_TEAM = 44294HL98F;
				INFOPLIST_KEY_CFBundleDisplayName = TapClicker;
				MARKETING_VERSION = 1.0;
				PRODUCT_BUNDLE_IDENTIFIER = dgs.TapClicker;
				PRODUCT_NAME = "$(TARGET_NAME)";
				SDKROOT = iphoneos;
				SWIFT_VERSION = 5.0;
			};
			name = Debug;
		};
		E147C1D72C471A5600D56A7F /* Release */ = {
			isa = XCBuildConfiguration;
			buildSettings = {
				ALWAYS_EMBED_SWIFT_STANDARD_LIBRARIES = YES;
				CODE_SIGN_STYLE = Automatic;
				CURRENT_PROJECT_VERSION = 1;
				DEVELOPMENT_TEAM = 44294HL98F;
				INFOPLIST_KEY_CFBundleDisplayName = TapClicker;
				MARKETING_VERSION = 1.0;
				PRODUCT_BUNDLE_IDENTIFIER = dgs.TapClicker;
				PRODUCT_NAME = "$(TARGET_NAME)";
				SDKROOT = iphoneos;
				SWIFT_VERSION = 5.0;
				VALIDATE_PRODUCT = YES;
			};
			name = Release;
		};
/* End XCBuildConfiguration section */

/* Begin XCConfigurationList section */
		E147C1B82C471A5500D56A7F /* Build configuration list for PBXProject "TapClicker" */ = {
			isa = XCConfigurationList;
			buildConfigurations = (
				E147C1CF2C471A5600D56A7F /* Debug */,
				E147C1D02C471A5600D56A7F /* Release */,
			);
			defaultConfigurationIsVisible = 0;
			defaultConfigurationName = Release;
		};
		E147C1D12C471A5600D56A7F /* Build configuration list for PBXNativeTarget "TapClicker Watch App" */ = {
			isa = XCConfigurationList;
			buildConfigurations = (
				E147C1D22C471A5600D56A7F /* Debug */,
				E147C1D32C471A5600D56A7F /* Release */,
			);
			defaultConfigurationIsVisible = 0;
			defaultConfigurationName = Release;
		};
		E147C1D52C471A5600D56A7F /* Build configuration list for PBXNativeTarget "TapClicker" */ = {
			isa = XCConfigurationList;
			buildConfigurations = (
				E147C1D62C471A5600D56A7F /* Debug */,
				E147C1D72C471A5600D56A7F /* Release */,
			);
			defaultConfigurationIsVisible = 0;
			defaultConfigurationName = Release;
		};
/* End XCConfigurationList section */
	};
	rootObject = E147C1B52C471A5500D56A7F /* Project object */;
}
